// !$*UTF8*$!
{
	archiveVersion = 1;
	classes = {
	};
	objectVersion = 50;
	objects = {

/* Begin PBXBuildFile section */
		2D0034D92492874100A541F5 /* WeatherTableViewCell.swift in Sources */ = {isa = PBXBuildFile; fileRef = 2D0034D82492874100A541F5 /* WeatherTableViewCell.swift */; };
		2D0034F62492892000A541F5 /* Alamofire.framework in Frameworks */ = {isa = PBXBuildFile; fileRef = 2D0034E8249288EC00A541F5 /* Alamofire.framework */; };
		2D0034F72492892000A541F5 /* Alamofire.framework in Embed Frameworks */ = {isa = PBXBuildFile; fileRef = 2D0034E8249288EC00A541F5 /* Alamofire.framework */; settings = {ATTRIBUTES = (CodeSignOnCopy, RemoveHeadersOnCopy, ); }; };
		2D0034FA24929EC600A541F5 /* Weather.swift in Sources */ = {isa = PBXBuildFile; fileRef = 2D0034F924929EC600A541F5 /* Weather.swift */; };
		2D0034FC2492A73900A541F5 /* WeatherViewModel.swift in Sources */ = {isa = PBXBuildFile; fileRef = 2D0034FB2492A73900A541F5 /* WeatherViewModel.swift */; };
		2D15B0FB24913EA300AB8DEA /* AppDelegate.swift in Sources */ = {isa = PBXBuildFile; fileRef = 2D15B0FA24913EA300AB8DEA /* AppDelegate.swift */; };
		2D15B0FD24913EA300AB8DEA /* SceneDelegate.swift in Sources */ = {isa = PBXBuildFile; fileRef = 2D15B0FC24913EA300AB8DEA /* SceneDelegate.swift */; };
		2D15B0FF24913EA300AB8DEA /* ViewController.swift in Sources */ = {isa = PBXBuildFile; fileRef = 2D15B0FE24913EA300AB8DEA /* ViewController.swift */; };
		2D15B10224913EA300AB8DEA /* Main.storyboard in Resources */ = {isa = PBXBuildFile; fileRef = 2D15B10024913EA300AB8DEA /* Main.storyboard */; };
		2D15B10424913EA500AB8DEA /* Assets.xcassets in Resources */ = {isa = PBXBuildFile; fileRef = 2D15B10324913EA500AB8DEA /* Assets.xcassets */; };
		2D15B10724913EA500AB8DEA /* LaunchScreen.storyboard in Resources */ = {isa = PBXBuildFile; fileRef = 2D15B10524913EA500AB8DEA /* LaunchScreen.storyboard */; };
		2D15B11224913EA500AB8DEA /* SampleWeatherAppTests.swift in Sources */ = {isa = PBXBuildFile; fileRef = 2D15B11124913EA500AB8DEA /* SampleWeatherAppTests.swift */; };
		2D15B11D24913EA500AB8DEA /* SampleWeatherAppUITests.swift in Sources */ = {isa = PBXBuildFile; fileRef = 2D15B11C24913EA500AB8DEA /* SampleWeatherAppUITests.swift */; };
		2DCCE6032494A54800421745 /* Localizable.strings in Resources */ = {isa = PBXBuildFile; fileRef = 2DCCE6052494A54800421745 /* Localizable.strings */; };
		2DFE1B8F24947BA400ACAFF9 /* ProgressorType.swift in Sources */ = {isa = PBXBuildFile; fileRef = 2DFE1B7A24947BA400ACAFF9 /* ProgressorType.swift */; };
		2DFE1B9024947BA400ACAFF9 /* Prog.swift in Sources */ = {isa = PBXBuildFile; fileRef = 2DFE1B7B24947BA400ACAFF9 /* Prog.swift */; };
		2DFE1B9124947BA400ACAFF9 /* ProgressorView.swift in Sources */ = {isa = PBXBuildFile; fileRef = 2DFE1B7C24947BA400ACAFF9 /* ProgressorView.swift */; };
		2DFE1B9324947BA400ACAFF9 /* Progressor.swift in Sources */ = {isa = PBXBuildFile; fileRef = 2DFE1B7E24947BA400ACAFF9 /* Progressor.swift */; };
		2DFE1B9424947BA400ACAFF9 /* ProgressParent.swift in Sources */ = {isa = PBXBuildFile; fileRef = 2DFE1B7F24947BA400ACAFF9 /* ProgressParent.swift */; };
		2DFE1B9524947BA400ACAFF9 /* UIView+ProgressParents.swift in Sources */ = {isa = PBXBuildFile; fileRef = 2DFE1B8124947BA400ACAFF9 /* UIView+ProgressParents.swift */; };
		2DFE1B9624947BA400ACAFF9 /* UIViewController+ProgressParents.swift in Sources */ = {isa = PBXBuildFile; fileRef = 2DFE1B8224947BA400ACAFF9 /* UIViewController+ProgressParents.swift */; };
		2DFE1B9724947BA400ACAFF9 /* Prog+Internal.swift in Sources */ = {isa = PBXBuildFile; fileRef = 2DFE1B8324947BA400ACAFF9 /* Prog+Internal.swift */; };
		2DFE1B9824947BA400ACAFF9 /* RingProgressorView.swift in Sources */ = {isa = PBXBuildFile; fileRef = 2DFE1B8524947BA400ACAFF9 /* RingProgressorView.swift */; };
		2DFE1B9924947BA400ACAFF9 /* DismissableProgressorView.swift in Sources */ = {isa = PBXBuildFile; fileRef = 2DFE1B8624947BA400ACAFF9 /* DismissableProgressorView.swift */; };
		2DFE1B9A24947BA400ACAFF9 /* BlurProgressorView.swift in Sources */ = {isa = PBXBuildFile; fileRef = 2DFE1B8724947BA400ACAFF9 /* BlurProgressorView.swift */; };
		2DFE1B9B24947BA400ACAFF9 /* ActivityIndicatorProgressorView.swift in Sources */ = {isa = PBXBuildFile; fileRef = 2DFE1B8824947BA400ACAFF9 /* ActivityIndicatorProgressorView.swift */; };
		2DFE1B9C24947BA400ACAFF9 /* LabelProgressorView.swift in Sources */ = {isa = PBXBuildFile; fileRef = 2DFE1B8924947BA400ACAFF9 /* LabelProgressorView.swift */; };
		2DFE1B9D24947BA400ACAFF9 /* ColorProgressorView.swift in Sources */ = {isa = PBXBuildFile; fileRef = 2DFE1B8A24947BA400ACAFF9 /* ColorProgressorView.swift */; };
		2DFE1B9E24947BA400ACAFF9 /* ProgressorCollection.swift in Sources */ = {isa = PBXBuildFile; fileRef = 2DFE1B8B24947BA400ACAFF9 /* ProgressorCollection.swift */; };
		2DFE1B9F24947BA400ACAFF9 /* BarProgressorView.swift in Sources */ = {isa = PBXBuildFile; fileRef = 2DFE1B8C24947BA400ACAFF9 /* BarProgressorView.swift */; };
/* End PBXBuildFile section */

/* Begin PBXContainerItemProxy section */
		2D0034E7249288EC00A541F5 /* PBXContainerItemProxy */ = {
			isa = PBXContainerItemProxy;
			containerPortal = 2D0034DD249288EC00A541F5 /* Alamofire.xcodeproj */;
			proxyType = 2;
			remoteGlobalIDString = F8111E3319A95C8B0040E7D1;
			remoteInfo = "Alamofire iOS";
		};
		2D0034E9249288EC00A541F5 /* PBXContainerItemProxy */ = {
			isa = PBXContainerItemProxy;
			containerPortal = 2D0034DD249288EC00A541F5 /* Alamofire.xcodeproj */;
			proxyType = 2;
			remoteGlobalIDString = F8111E3E19A95C8B0040E7D1;
			remoteInfo = "Alamofire iOS Tests";
		};
		2D0034EB249288EC00A541F5 /* PBXContainerItemProxy */ = {
			isa = PBXContainerItemProxy;
			containerPortal = 2D0034DD249288EC00A541F5 /* Alamofire.xcodeproj */;
			proxyType = 2;
			remoteGlobalIDString = 4DD67C0B1A5C55C900ED2280;
			remoteInfo = "Alamofire macOS";
		};
		2D0034ED249288EC00A541F5 /* PBXContainerItemProxy */ = {
			isa = PBXContainerItemProxy;
			containerPortal = 2D0034DD249288EC00A541F5 /* Alamofire.xcodeproj */;
			proxyType = 2;
			remoteGlobalIDString = F829C6B21A7A94F100A2CD59;
			remoteInfo = "Alamofire macOS Tests";
		};
		2D0034EF249288EC00A541F5 /* PBXContainerItemProxy */ = {
			isa = PBXContainerItemProxy;
			containerPortal = 2D0034DD249288EC00A541F5 /* Alamofire.xcodeproj */;
			proxyType = 2;
			remoteGlobalIDString = 4CF626EF1BA7CB3E0011A099;
			remoteInfo = "Alamofire tvOS";
		};
		2D0034F1249288EC00A541F5 /* PBXContainerItemProxy */ = {
			isa = PBXContainerItemProxy;
			containerPortal = 2D0034DD249288EC00A541F5 /* Alamofire.xcodeproj */;
			proxyType = 2;
			remoteGlobalIDString = 4CF626F81BA7CB3E0011A099;
			remoteInfo = "Alamofire tvOS Tests";
		};
		2D0034F3249288EC00A541F5 /* PBXContainerItemProxy */ = {
			isa = PBXContainerItemProxy;
			containerPortal = 2D0034DD249288EC00A541F5 /* Alamofire.xcodeproj */;
			proxyType = 2;
			remoteGlobalIDString = E4202FE01B667AA100C997FB;
			remoteInfo = "Alamofire watchOS";
		};
		2D15B10E24913EA500AB8DEA /* PBXContainerItemProxy */ = {
			isa = PBXContainerItemProxy;
			containerPortal = 2D15B0EF24913EA300AB8DEA /* Project object */;
			proxyType = 1;
			remoteGlobalIDString = 2D15B0F624913EA300AB8DEA;
			remoteInfo = SampleWeatherApp;
		};
		2D15B11924913EA500AB8DEA /* PBXContainerItemProxy */ = {
			isa = PBXContainerItemProxy;
			containerPortal = 2D15B0EF24913EA300AB8DEA /* Project object */;
			proxyType = 1;
			remoteGlobalIDString = 2D15B0F624913EA300AB8DEA;
			remoteInfo = SampleWeatherApp;
		};
/* End PBXContainerItemProxy section */

/* Begin PBXCopyFilesBuildPhase section */
		2D0034F82492892000A541F5 /* Embed Frameworks */ = {
			isa = PBXCopyFilesBuildPhase;
			buildActionMask = 2147483647;
			dstPath = "";
			dstSubfolderSpec = 10;
			files = (
				2D0034F72492892000A541F5 /* Alamofire.framework in Embed Frameworks */,
			);
			name = "Embed Frameworks";
			runOnlyForDeploymentPostprocessing = 0;
		};
/* End PBXCopyFilesBuildPhase section */

/* Begin PBXFileReference section */
		2D0034D82492874100A541F5 /* WeatherTableViewCell.swift */ = {isa = PBXFileReference; lastKnownFileType = sourcecode.swift; path = WeatherTableViewCell.swift; sourceTree = "<group>"; };
		2D0034DD249288EC00A541F5 /* Alamofire.xcodeproj */ = {isa = PBXFileReference; lastKnownFileType = "wrapper.pb-project"; name = Alamofire.xcodeproj; path = Alamofire/Alamofire.xcodeproj; sourceTree = "<group>"; };
		2D0034F924929EC600A541F5 /* Weather.swift */ = {isa = PBXFileReference; lastKnownFileType = sourcecode.swift; path = Weather.swift; sourceTree = "<group>"; };
		2D0034FB2492A73900A541F5 /* WeatherViewModel.swift */ = {isa = PBXFileReference; lastKnownFileType = sourcecode.swift; path = WeatherViewModel.swift; sourceTree = "<group>"; };
		2D15B0F724913EA300AB8DEA /* SampleWeatherApp.app */ = {isa = PBXFileReference; explicitFileType = wrapper.application; includeInIndex = 0; path = SampleWeatherApp.app; sourceTree = BUILT_PRODUCTS_DIR; };
		2D15B0FA24913EA300AB8DEA /* AppDelegate.swift */ = {isa = PBXFileReference; lastKnownFileType = sourcecode.swift; path = AppDelegate.swift; sourceTree = "<group>"; };
		2D15B0FC24913EA300AB8DEA /* SceneDelegate.swift */ = {isa = PBXFileReference; lastKnownFileType = sourcecode.swift; path = SceneDelegate.swift; sourceTree = "<group>"; };
		2D15B0FE24913EA300AB8DEA /* ViewController.swift */ = {isa = PBXFileReference; lastKnownFileType = sourcecode.swift; path = ViewController.swift; sourceTree = "<group>"; };
		2D15B10124913EA300AB8DEA /* Base */ = {isa = PBXFileReference; lastKnownFileType = file.storyboard; name = Base; path = Base.lproj/Main.storyboard; sourceTree = "<group>"; };
		2D15B10324913EA500AB8DEA /* Assets.xcassets */ = {isa = PBXFileReference; lastKnownFileType = folder.assetcatalog; path = Assets.xcassets; sourceTree = "<group>"; };
		2D15B10624913EA500AB8DEA /* Base */ = {isa = PBXFileReference; lastKnownFileType = file.storyboard; name = Base; path = Base.lproj/LaunchScreen.storyboard; sourceTree = "<group>"; };
		2D15B10824913EA500AB8DEA /* Info.plist */ = {isa = PBXFileReference; lastKnownFileType = text.plist.xml; path = Info.plist; sourceTree = "<group>"; };
		2D15B10D24913EA500AB8DEA /* SampleWeatherAppTests.xctest */ = {isa = PBXFileReference; explicitFileType = wrapper.cfbundle; includeInIndex = 0; path = SampleWeatherAppTests.xctest; sourceTree = BUILT_PRODUCTS_DIR; };
		2D15B11124913EA500AB8DEA /* SampleWeatherAppTests.swift */ = {isa = PBXFileReference; lastKnownFileType = sourcecode.swift; path = SampleWeatherAppTests.swift; sourceTree = "<group>"; };
		2D15B11324913EA500AB8DEA /* Info.plist */ = {isa = PBXFileReference; lastKnownFileType = text.plist.xml; path = Info.plist; sourceTree = "<group>"; };
		2D15B11824913EA500AB8DEA /* SampleWeatherAppUITests.xctest */ = {isa = PBXFileReference; explicitFileType = wrapper.cfbundle; includeInIndex = 0; path = SampleWeatherAppUITests.xctest; sourceTree = BUILT_PRODUCTS_DIR; };
		2D15B11C24913EA500AB8DEA /* SampleWeatherAppUITests.swift */ = {isa = PBXFileReference; lastKnownFileType = sourcecode.swift; path = SampleWeatherAppUITests.swift; sourceTree = "<group>"; };
		2D15B11E24913EA500AB8DEA /* Info.plist */ = {isa = PBXFileReference; lastKnownFileType = text.plist.xml; path = Info.plist; sourceTree = "<group>"; };
		2DCCE6042494A54800421745 /* en */ = {isa = PBXFileReference; lastKnownFileType = text.plist.strings; name = en; path = en.lproj/Localizable.strings; sourceTree = "<group>"; };
		2DFE1B7A24947BA400ACAFF9 /* ProgressorType.swift */ = {isa = PBXFileReference; fileEncoding = 4; lastKnownFileType = sourcecode.swift; path = ProgressorType.swift; sourceTree = "<group>"; };
		2DFE1B7B24947BA400ACAFF9 /* Prog.swift */ = {isa = PBXFileReference; fileEncoding = 4; lastKnownFileType = sourcecode.swift; path = Prog.swift; sourceTree = "<group>"; };
		2DFE1B7C24947BA400ACAFF9 /* ProgressorView.swift */ = {isa = PBXFileReference; fileEncoding = 4; lastKnownFileType = sourcecode.swift; path = ProgressorView.swift; sourceTree = "<group>"; };
		2DFE1B7E24947BA400ACAFF9 /* Progressor.swift */ = {isa = PBXFileReference; fileEncoding = 4; lastKnownFileType = sourcecode.swift; path = Progressor.swift; sourceTree = "<group>"; };
		2DFE1B7F24947BA400ACAFF9 /* ProgressParent.swift */ = {isa = PBXFileReference; fileEncoding = 4; lastKnownFileType = sourcecode.swift; path = ProgressParent.swift; sourceTree = "<group>"; };
		2DFE1B8124947BA400ACAFF9 /* UIView+ProgressParents.swift */ = {isa = PBXFileReference; fileEncoding = 4; lastKnownFileType = sourcecode.swift; path = "UIView+ProgressParents.swift"; sourceTree = "<group>"; };
		2DFE1B8224947BA400ACAFF9 /* UIViewController+ProgressParents.swift */ = {isa = PBXFileReference; fileEncoding = 4; lastKnownFileType = sourcecode.swift; path = "UIViewController+ProgressParents.swift"; sourceTree = "<group>"; };
		2DFE1B8324947BA400ACAFF9 /* Prog+Internal.swift */ = {isa = PBXFileReference; fileEncoding = 4; lastKnownFileType = sourcecode.swift; path = "Prog+Internal.swift"; sourceTree = "<group>"; };
		2DFE1B8524947BA400ACAFF9 /* RingProgressorView.swift */ = {isa = PBXFileReference; fileEncoding = 4; lastKnownFileType = sourcecode.swift; path = RingProgressorView.swift; sourceTree = "<group>"; };
		2DFE1B8624947BA400ACAFF9 /* DismissableProgressorView.swift */ = {isa = PBXFileReference; fileEncoding = 4; lastKnownFileType = sourcecode.swift; path = DismissableProgressorView.swift; sourceTree = "<group>"; };
		2DFE1B8724947BA400ACAFF9 /* BlurProgressorView.swift */ = {isa = PBXFileReference; fileEncoding = 4; lastKnownFileType = sourcecode.swift; path = BlurProgressorView.swift; sourceTree = "<group>"; };
		2DFE1B8824947BA400ACAFF9 /* ActivityIndicatorProgressorView.swift */ = {isa = PBXFileReference; fileEncoding = 4; lastKnownFileType = sourcecode.swift; path = ActivityIndicatorProgressorView.swift; sourceTree = "<group>"; };
		2DFE1B8924947BA400ACAFF9 /* LabelProgressorView.swift */ = {isa = PBXFileReference; fileEncoding = 4; lastKnownFileType = sourcecode.swift; path = LabelProgressorView.swift; sourceTree = "<group>"; };
		2DFE1B8A24947BA400ACAFF9 /* ColorProgressorView.swift */ = {isa = PBXFileReference; fileEncoding = 4; lastKnownFileType = sourcecode.swift; path = ColorProgressorView.swift; sourceTree = "<group>"; };
		2DFE1B8B24947BA400ACAFF9 /* ProgressorCollection.swift */ = {isa = PBXFileReference; fileEncoding = 4; lastKnownFileType = sourcecode.swift; path = ProgressorCollection.swift; sourceTree = "<group>"; };
		2DFE1B8C24947BA400ACAFF9 /* BarProgressorView.swift */ = {isa = PBXFileReference; fileEncoding = 4; lastKnownFileType = sourcecode.swift; path = BarProgressorView.swift; sourceTree = "<group>"; };
/* End PBXFileReference section */

/* Begin PBXFrameworksBuildPhase section */
		2D15B0F424913EA300AB8DEA /* Frameworks */ = {
			isa = PBXFrameworksBuildPhase;
			buildActionMask = 2147483647;
			files = (
				2D0034F62492892000A541F5 /* Alamofire.framework in Frameworks */,
			);
			runOnlyForDeploymentPostprocessing = 0;
		};
		2D15B10A24913EA500AB8DEA /* Frameworks */ = {
			isa = PBXFrameworksBuildPhase;
			buildActionMask = 2147483647;
			files = (
			);
			runOnlyForDeploymentPostprocessing = 0;
		};
		2D15B11524913EA500AB8DEA /* Frameworks */ = {
			isa = PBXFrameworksBuildPhase;
			buildActionMask = 2147483647;
			files = (
			);
			runOnlyForDeploymentPostprocessing = 0;
		};
/* End PBXFrameworksBuildPhase section */

/* Begin PBXGroup section */
		2D0034D5249286E100A541F5 /* View */ = {
			isa = PBXGroup;
			children = (
				2D0034D82492874100A541F5 /* WeatherTableViewCell.swift */,
			);
			path = View;
			sourceTree = "<group>";
		};
		2D0034D6249286EA00A541F5 /* ViewModel */ = {
			isa = PBXGroup;
			children = (
				2D0034FB2492A73900A541F5 /* WeatherViewModel.swift */,
			);
			path = ViewModel;
			sourceTree = "<group>";
		};
		2D0034D7249286FA00A541F5 /* Model */ = {
			isa = PBXGroup;
			children = (
				2D0034F924929EC600A541F5 /* Weather.swift */,
			);
			path = Model;
			sourceTree = "<group>";
		};
		2D0034DE249288EC00A541F5 /* Products */ = {
			isa = PBXGroup;
			children = (
				2D0034E8249288EC00A541F5 /* Alamofire.framework */,
				2D0034EA249288EC00A541F5 /* Alamofire iOS Tests.xctest */,
				2D0034EC249288EC00A541F5 /* Alamofire.framework */,
				2D0034EE249288EC00A541F5 /* Alamofire macOS Tests.xctest */,
				2D0034F0249288EC00A541F5 /* Alamofire.framework */,
				2D0034F2249288EC00A541F5 /* Alamofire tvOS Tests.xctest */,
				2D0034F4249288EC00A541F5 /* Alamofire.framework */,
			);
			name = Products;
			sourceTree = "<group>";
		};
		2D0034F52492892000A541F5 /* Frameworks */ = {
			isa = PBXGroup;
			children = (
			);
			name = Frameworks;
			sourceTree = "<group>";
		};
		2D15B0EE24913EA300AB8DEA = {
			isa = PBXGroup;
			children = (
				2D0034DD249288EC00A541F5 /* Alamofire.xcodeproj */,
				2D15B0F924913EA300AB8DEA /* SampleWeatherApp */,
				2D15B11024913EA500AB8DEA /* SampleWeatherAppTests */,
				2D15B11B24913EA500AB8DEA /* SampleWeatherAppUITests */,
				2D15B0F824913EA300AB8DEA /* Products */,
				2D0034F52492892000A541F5 /* Frameworks */,
			);
			sourceTree = "<group>";
		};
		2D15B0F824913EA300AB8DEA /* Products */ = {
			isa = PBXGroup;
			children = (
				2D15B0F724913EA300AB8DEA /* SampleWeatherApp.app */,
				2D15B10D24913EA500AB8DEA /* SampleWeatherAppTests.xctest */,
				2D15B11824913EA500AB8DEA /* SampleWeatherAppUITests.xctest */,
			);
			name = Products;
			sourceTree = "<group>";
		};
		2D15B0F924913EA300AB8DEA /* SampleWeatherApp */ = {
			isa = PBXGroup;
			children = (
				2DFE1B7024947B8B00ACAFF9 /* ThirdParty */,
				2D0034D7249286FA00A541F5 /* Model */,
				2D0034D6249286EA00A541F5 /* ViewModel */,
				2D0034D5249286E100A541F5 /* View */,
				2D15B0FA24913EA300AB8DEA /* AppDelegate.swift */,
				2D15B0FC24913EA300AB8DEA /* SceneDelegate.swift */,
				2D15B0FE24913EA300AB8DEA /* ViewController.swift */,
				2D15B10024913EA300AB8DEA /* Main.storyboard */,
				2D15B10324913EA500AB8DEA /* Assets.xcassets */,
				2D15B10524913EA500AB8DEA /* LaunchScreen.storyboard */,
				2D15B10824913EA500AB8DEA /* Info.plist */,
				2DCCE6052494A54800421745 /* Localizable.strings */,
			);
			path = SampleWeatherApp;
			sourceTree = "<group>";
		};
		2D15B11024913EA500AB8DEA /* SampleWeatherAppTests */ = {
			isa = PBXGroup;
			children = (
				2D15B11124913EA500AB8DEA /* SampleWeatherAppTests.swift */,
				2D15B11324913EA500AB8DEA /* Info.plist */,
			);
			path = SampleWeatherAppTests;
			sourceTree = "<group>";
		};
		2D15B11B24913EA500AB8DEA /* SampleWeatherAppUITests */ = {
			isa = PBXGroup;
			children = (
				2D15B11C24913EA500AB8DEA /* SampleWeatherAppUITests.swift */,
				2D15B11E24913EA500AB8DEA /* Info.plist */,
			);
			path = SampleWeatherAppUITests;
			sourceTree = "<group>";
		};
		2DFE1B7024947B8B00ACAFF9 /* ThirdParty */ = {
			isa = PBXGroup;
			children = (
				2DFE1B7824947BA400ACAFF9 /* Progress */,
			);
			path = ThirdParty;
			sourceTree = "<group>";
		};
		2DFE1B7824947BA400ACAFF9 /* Progress */ = {
			isa = PBXGroup;
			children = (
				2DFE1B7924947BA400ACAFF9 /* Classes */,
				2DFE1B8D24947BA400ACAFF9 /* Assets */,
			);
			path = Progress;
			sourceTree = "<group>";
		};
		2DFE1B7924947BA400ACAFF9 /* Classes */ = {
			isa = PBXGroup;
			children = (
				2DFE1B7A24947BA400ACAFF9 /* ProgressorType.swift */,
				2DFE1B7B24947BA400ACAFF9 /* Prog.swift */,
				2DFE1B7C24947BA400ACAFF9 /* ProgressorView.swift */,
				2DFE1B7E24947BA400ACAFF9 /* Progressor.swift */,
				2DFE1B7F24947BA400ACAFF9 /* ProgressParent.swift */,
				2DFE1B8024947BA400ACAFF9 /* ProgressParents */,
				2DFE1B8324947BA400ACAFF9 /* Prog+Internal.swift */,
				2DFE1B8424947BA400ACAFF9 /* Progressors */,
			);
			path = Classes;
			sourceTree = "<group>";
		};
		2DFE1B8024947BA400ACAFF9 /* ProgressParents */ = {
			isa = PBXGroup;
			children = (
				2DFE1B8124947BA400ACAFF9 /* UIView+ProgressParents.swift */,
				2DFE1B8224947BA400ACAFF9 /* UIViewController+ProgressParents.swift */,
			);
			path = ProgressParents;
			sourceTree = "<group>";
		};
		2DFE1B8424947BA400ACAFF9 /* Progressors */ = {
			isa = PBXGroup;
			children = (
				2DFE1B8524947BA400ACAFF9 /* RingProgressorView.swift */,
				2DFE1B8624947BA400ACAFF9 /* DismissableProgressorView.swift */,
				2DFE1B8724947BA400ACAFF9 /* BlurProgressorView.swift */,
				2DFE1B8824947BA400ACAFF9 /* ActivityIndicatorProgressorView.swift */,
				2DFE1B8924947BA400ACAFF9 /* LabelProgressorView.swift */,
				2DFE1B8A24947BA400ACAFF9 /* ColorProgressorView.swift */,
				2DFE1B8B24947BA400ACAFF9 /* ProgressorCollection.swift */,
				2DFE1B8C24947BA400ACAFF9 /* BarProgressorView.swift */,
			);
			path = Progressors;
			sourceTree = "<group>";
		};
		2DFE1B8D24947BA400ACAFF9 /* Assets */ = {
			isa = PBXGroup;
			children = (
			);
			path = Assets;
			sourceTree = "<group>";
		};
/* End PBXGroup section */

/* Begin PBXNativeTarget section */
		2D15B0F624913EA300AB8DEA /* SampleWeatherApp */ = {
			isa = PBXNativeTarget;
			buildConfigurationList = 2D15B12124913EA500AB8DEA /* Build configuration list for PBXNativeTarget "SampleWeatherApp" */;
			buildPhases = (
				2D15B0F324913EA300AB8DEA /* Sources */,
				2D15B0F424913EA300AB8DEA /* Frameworks */,
				2D15B0F524913EA300AB8DEA /* Resources */,
				2D0034F82492892000A541F5 /* Embed Frameworks */,
			);
			buildRules = (
			);
			dependencies = (
			);
			name = SampleWeatherApp;
			productName = SampleWeatherApp;
			productReference = 2D15B0F724913EA300AB8DEA /* SampleWeatherApp.app */;
			productType = "com.apple.product-type.application";
		};
		2D15B10C24913EA500AB8DEA /* SampleWeatherAppTests */ = {
			isa = PBXNativeTarget;
			buildConfigurationList = 2D15B12424913EA500AB8DEA /* Build configuration list for PBXNativeTarget "SampleWeatherAppTests" */;
			buildPhases = (
				2D15B10924913EA500AB8DEA /* Sources */,
				2D15B10A24913EA500AB8DEA /* Frameworks */,
				2D15B10B24913EA500AB8DEA /* Resources */,
			);
			buildRules = (
			);
			dependencies = (
				2D15B10F24913EA500AB8DEA /* PBXTargetDependency */,
			);
			name = SampleWeatherAppTests;
			productName = SampleWeatherAppTests;
			productReference = 2D15B10D24913EA500AB8DEA /* SampleWeatherAppTests.xctest */;
			productType = "com.apple.product-type.bundle.unit-test";
		};
		2D15B11724913EA500AB8DEA /* SampleWeatherAppUITests */ = {
			isa = PBXNativeTarget;
			buildConfigurationList = 2D15B12724913EA500AB8DEA /* Build configuration list for PBXNativeTarget "SampleWeatherAppUITests" */;
			buildPhases = (
				2D15B11424913EA500AB8DEA /* Sources */,
				2D15B11524913EA500AB8DEA /* Frameworks */,
				2D15B11624913EA500AB8DEA /* Resources */,
			);
			buildRules = (
			);
			dependencies = (
				2D15B11A24913EA500AB8DEA /* PBXTargetDependency */,
			);
			name = SampleWeatherAppUITests;
			productName = SampleWeatherAppUITests;
			productReference = 2D15B11824913EA500AB8DEA /* SampleWeatherAppUITests.xctest */;
			productType = "com.apple.product-type.bundle.ui-testing";
		};
/* End PBXNativeTarget section */

/* Begin PBXProject section */
		2D15B0EF24913EA300AB8DEA /* Project object */ = {
			isa = PBXProject;
			attributes = {
				LastSwiftUpdateCheck = 1120;
				LastUpgradeCheck = 1120;
				ORGANIZATIONNAME = "Hiep Nguyen";
				TargetAttributes = {
					2D15B0F624913EA300AB8DEA = {
						CreatedOnToolsVersion = 11.2.1;
					};
					2D15B10C24913EA500AB8DEA = {
						CreatedOnToolsVersion = 11.2.1;
						TestTargetID = 2D15B0F624913EA300AB8DEA;
					};
					2D15B11724913EA500AB8DEA = {
						CreatedOnToolsVersion = 11.2.1;
						TestTargetID = 2D15B0F624913EA300AB8DEA;
					};
				};
			};
			buildConfigurationList = 2D15B0F224913EA300AB8DEA /* Build configuration list for PBXProject "SampleWeatherApp" */;
			compatibilityVersion = "Xcode 9.3";
			developmentRegion = en;
			hasScannedForEncodings = 0;
			knownRegions = (
				en,
				Base,
			);
			mainGroup = 2D15B0EE24913EA300AB8DEA;
			productRefGroup = 2D15B0F824913EA300AB8DEA /* Products */;
			projectDirPath = "";
			projectReferences = (
				{
					ProductGroup = 2D0034DE249288EC00A541F5 /* Products */;
					ProjectRef = 2D0034DD249288EC00A541F5 /* Alamofire.xcodeproj */;
				},
			);
			projectRoot = "";
			targets = (
				2D15B0F624913EA300AB8DEA /* SampleWeatherApp */,
				2D15B10C24913EA500AB8DEA /* SampleWeatherAppTests */,
				2D15B11724913EA500AB8DEA /* SampleWeatherAppUITests */,
			);
		};
/* End PBXProject section */

/* Begin PBXReferenceProxy section */
		2D0034E8249288EC00A541F5 /* Alamofire.framework */ = {
			isa = PBXReferenceProxy;
			fileType = wrapper.framework;
			path = Alamofire.framework;
			remoteRef = 2D0034E7249288EC00A541F5 /* PBXContainerItemProxy */;
			sourceTree = BUILT_PRODUCTS_DIR;
		};
		2D0034EA249288EC00A541F5 /* Alamofire iOS Tests.xctest */ = {
			isa = PBXReferenceProxy;
			fileType = wrapper.cfbundle;
			path = "Alamofire iOS Tests.xctest";
			remoteRef = 2D0034E9249288EC00A541F5 /* PBXContainerItemProxy */;
			sourceTree = BUILT_PRODUCTS_DIR;
		};
		2D0034EC249288EC00A541F5 /* Alamofire.framework */ = {
			isa = PBXReferenceProxy;
			fileType = wrapper.framework;
			path = Alamofire.framework;
			remoteRef = 2D0034EB249288EC00A541F5 /* PBXContainerItemProxy */;
			sourceTree = BUILT_PRODUCTS_DIR;
		};
		2D0034EE249288EC00A541F5 /* Alamofire macOS Tests.xctest */ = {
			isa = PBXReferenceProxy;
			fileType = wrapper.cfbundle;
			path = "Alamofire macOS Tests.xctest";
			remoteRef = 2D0034ED249288EC00A541F5 /* PBXContainerItemProxy */;
			sourceTree = BUILT_PRODUCTS_DIR;
		};
		2D0034F0249288EC00A541F5 /* Alamofire.framework */ = {
			isa = PBXReferenceProxy;
			fileType = wrapper.framework;
			path = Alamofire.framework;
			remoteRef = 2D0034EF249288EC00A541F5 /* PBXContainerItemProxy */;
			sourceTree = BUILT_PRODUCTS_DIR;
		};
		2D0034F2249288EC00A541F5 /* Alamofire tvOS Tests.xctest */ = {
			isa = PBXReferenceProxy;
			fileType = wrapper.cfbundle;
			path = "Alamofire tvOS Tests.xctest";
			remoteRef = 2D0034F1249288EC00A541F5 /* PBXContainerItemProxy */;
			sourceTree = BUILT_PRODUCTS_DIR;
		};
		2D0034F4249288EC00A541F5 /* Alamofire.framework */ = {
			isa = PBXReferenceProxy;
			fileType = wrapper.framework;
			path = Alamofire.framework;
			remoteRef = 2D0034F3249288EC00A541F5 /* PBXContainerItemProxy */;
			sourceTree = BUILT_PRODUCTS_DIR;
		};
/* End PBXReferenceProxy section */

/* Begin PBXResourcesBuildPhase section */
		2D15B0F524913EA300AB8DEA /* Resources */ = {
			isa = PBXResourcesBuildPhase;
			buildActionMask = 2147483647;
			files = (
				2D15B10724913EA500AB8DEA /* LaunchScreen.storyboard in Resources */,
				2DCCE6032494A54800421745 /* Localizable.strings in Resources */,
				2D15B10424913EA500AB8DEA /* Assets.xcassets in Resources */,
				2D15B10224913EA300AB8DEA /* Main.storyboard in Resources */,
			);
			runOnlyForDeploymentPostprocessing = 0;
		};
		2D15B10B24913EA500AB8DEA /* Resources */ = {
			isa = PBXResourcesBuildPhase;
			buildActionMask = 2147483647;
			files = (
			);
			runOnlyForDeploymentPostprocessing = 0;
		};
		2D15B11624913EA500AB8DEA /* Resources */ = {
			isa = PBXResourcesBuildPhase;
			buildActionMask = 2147483647;
			files = (
			);
			runOnlyForDeploymentPostprocessing = 0;
		};
/* End PBXResourcesBuildPhase section */

/* Begin PBXSourcesBuildPhase section */
		2D15B0F324913EA300AB8DEA /* Sources */ = {
			isa = PBXSourcesBuildPhase;
			buildActionMask = 2147483647;
			files = (
				2DFE1B9D24947BA400ACAFF9 /* ColorProgressorView.swift in Sources */,
				2D0034D92492874100A541F5 /* WeatherTableViewCell.swift in Sources */,
				2DFE1B9524947BA400ACAFF9 /* UIView+ProgressParents.swift in Sources */,
				2DFE1B9124947BA400ACAFF9 /* ProgressorView.swift in Sources */,
				2DFE1B9624947BA400ACAFF9 /* UIViewController+ProgressParents.swift in Sources */,
				2DFE1B9424947BA400ACAFF9 /* ProgressParent.swift in Sources */,
				2DFE1B9F24947BA400ACAFF9 /* BarProgressorView.swift in Sources */,
				2D0034FC2492A73900A541F5 /* WeatherViewModel.swift in Sources */,
				2DFE1B8F24947BA400ACAFF9 /* ProgressorType.swift in Sources */,
				2D15B0FF24913EA300AB8DEA /* ViewController.swift in Sources */,
				2DFE1B9824947BA400ACAFF9 /* RingProgressorView.swift in Sources */,
				2DFE1B9E24947BA400ACAFF9 /* ProgressorCollection.swift in Sources */,
				2D15B0FB24913EA300AB8DEA /* AppDelegate.swift in Sources */,
				2DFE1B9024947BA400ACAFF9 /* Prog.swift in Sources */,
				2DFE1B9A24947BA400ACAFF9 /* BlurProgressorView.swift in Sources */,
				2DFE1B9C24947BA400ACAFF9 /* LabelProgressorView.swift in Sources */,
				2DFE1B9924947BA400ACAFF9 /* DismissableProgressorView.swift in Sources */,
				2DFE1B9B24947BA400ACAFF9 /* ActivityIndicatorProgressorView.swift in Sources */,
				2DFE1B9724947BA400ACAFF9 /* Prog+Internal.swift in Sources */,
				2DFE1B9324947BA400ACAFF9 /* Progressor.swift in Sources */,
				2D15B0FD24913EA300AB8DEA /* SceneDelegate.swift in Sources */,
				2D0034FA24929EC600A541F5 /* Weather.swift in Sources */,
			);
			runOnlyForDeploymentPostprocessing = 0;
		};
		2D15B10924913EA500AB8DEA /* Sources */ = {
			isa = PBXSourcesBuildPhase;
			buildActionMask = 2147483647;
			files = (
				2D15B11224913EA500AB8DEA /* SampleWeatherAppTests.swift in Sources */,
			);
			runOnlyForDeploymentPostprocessing = 0;
		};
		2D15B11424913EA500AB8DEA /* Sources */ = {
			isa = PBXSourcesBuildPhase;
			buildActionMask = 2147483647;
			files = (
				2D15B11D24913EA500AB8DEA /* SampleWeatherAppUITests.swift in Sources */,
			);
			runOnlyForDeploymentPostprocessing = 0;
		};
/* End PBXSourcesBuildPhase section */

/* Begin PBXTargetDependency section */
		2D15B10F24913EA500AB8DEA /* PBXTargetDependency */ = {
			isa = PBXTargetDependency;
			target = 2D15B0F624913EA300AB8DEA /* SampleWeatherApp */;
			targetProxy = 2D15B10E24913EA500AB8DEA /* PBXContainerItemProxy */;
		};
		2D15B11A24913EA500AB8DEA /* PBXTargetDependency */ = {
			isa = PBXTargetDependency;
			target = 2D15B0F624913EA300AB8DEA /* SampleWeatherApp */;
			targetProxy = 2D15B11924913EA500AB8DEA /* PBXContainerItemProxy */;
		};
/* End PBXTargetDependency section */

/* Begin PBXVariantGroup section */
		2D15B10024913EA300AB8DEA /* Main.storyboard */ = {
			isa = PBXVariantGroup;
			children = (
				2D15B10124913EA300AB8DEA /* Base */,
			);
			name = Main.storyboard;
			sourceTree = "<group>";
		};
		2D15B10524913EA500AB8DEA /* LaunchScreen.storyboard */ = {
			isa = PBXVariantGroup;
			children = (
				2D15B10624913EA500AB8DEA /* Base */,
			);
			name = LaunchScreen.storyboard;
			sourceTree = "<group>";
		};
		2DCCE6052494A54800421745 /* Localizable.strings */ = {
			isa = PBXVariantGroup;
			children = (
				2DCCE6042494A54800421745 /* en */,
			);
			name = Localizable.strings;
			sourceTree = "<group>";
		};
/* End PBXVariantGroup section */

/* Begin XCBuildConfiguration section */
		2D15B11F24913EA500AB8DEA /* Debug */ = {
			isa = XCBuildConfiguration;
			buildSettings = {
				ALWAYS_SEARCH_USER_PATHS = NO;
				CLANG_ANALYZER_NONNULL = YES;
				CLANG_ANALYZER_NUMBER_OBJECT_CONVERSION = YES_AGGRESSIVE;
				CLANG_CXX_LANGUAGE_STANDARD = "gnu++14";
				CLANG_CXX_LIBRARY = "libc++";
				CLANG_ENABLE_MODULES = YES;
				CLANG_ENABLE_OBJC_ARC = YES;
				CLANG_ENABLE_OBJC_WEAK = YES;
				CLANG_WARN_BLOCK_CAPTURE_AUTORELEASING = YES;
				CLANG_WARN_BOOL_CONVERSION = YES;
				CLANG_WARN_COMMA = YES;
				CLANG_WARN_CONSTANT_CONVERSION = YES;
				CLANG_WARN_DEPRECATED_OBJC_IMPLEMENTATIONS = YES;
				CLANG_WARN_DIRECT_OBJC_ISA_USAGE = YES_ERROR;
				CLANG_WARN_DOCUMENTATION_COMMENTS = YES;
				CLANG_WARN_EMPTY_BODY = YES;
				CLANG_WARN_ENUM_CONVERSION = YES;
				CLANG_WARN_INFINITE_RECURSION = YES;
				CLANG_WARN_INT_CONVERSION = YES;
				CLANG_WARN_NON_LITERAL_NULL_CONVERSION = YES;
				CLANG_WARN_OBJC_IMPLICIT_RETAIN_SELF = YES;
				CLANG_WARN_OBJC_LITERAL_CONVERSION = YES;
				CLANG_WARN_OBJC_ROOT_CLASS = YES_ERROR;
				CLANG_WARN_RANGE_LOOP_ANALYSIS = YES;
				CLANG_WARN_STRICT_PROTOTYPES = YES;
				CLANG_WARN_SUSPICIOUS_MOVE = YES;
				CLANG_WARN_UNGUARDED_AVAILABILITY = YES_AGGRESSIVE;
				CLANG_WARN_UNREACHABLE_CODE = YES;
				CLANG_WARN__DUPLICATE_METHOD_MATCH = YES;
				COPY_PHASE_STRIP = NO;
				DEBUG_INFORMATION_FORMAT = dwarf;
				ENABLE_STRICT_OBJC_MSGSEND = YES;
				ENABLE_TESTABILITY = YES;
				GCC_C_LANGUAGE_STANDARD = gnu11;
				GCC_DYNAMIC_NO_PIC = NO;
				GCC_NO_COMMON_BLOCKS = YES;
				GCC_OPTIMIZATION_LEVEL = 0;
				GCC_PREPROCESSOR_DEFINITIONS = (
					"DEBUG=1",
					"$(inherited)",
				);
				GCC_WARN_64_TO_32_BIT_CONVERSION = YES;
				GCC_WARN_ABOUT_RETURN_TYPE = YES_ERROR;
				GCC_WARN_UNDECLARED_SELECTOR = YES;
				GCC_WARN_UNINITIALIZED_AUTOS = YES_AGGRESSIVE;
				GCC_WARN_UNUSED_FUNCTION = YES;
				GCC_WARN_UNUSED_VARIABLE = YES;
				IPHONEOS_DEPLOYMENT_TARGET = 13.2;
				MTL_ENABLE_DEBUG_INFO = INCLUDE_SOURCE;
				MTL_FAST_MATH = YES;
				ONLY_ACTIVE_ARCH = YES;
				SDKROOT = iphoneos;
				SWIFT_ACTIVE_COMPILATION_CONDITIONS = DEBUG;
				SWIFT_OPTIMIZATION_LEVEL = "-Onone";
			};
			name = Debug;
		};
		2D15B12024913EA500AB8DEA /* Release */ = {
			isa = XCBuildConfiguration;
			buildSettings = {
				ALWAYS_SEARCH_USER_PATHS = NO;
				CLANG_ANALYZER_NONNULL = YES;
				CLANG_ANALYZER_NUMBER_OBJECT_CONVERSION = YES_AGGRESSIVE;
				CLANG_CXX_LANGUAGE_STANDARD = "gnu++14";
				CLANG_CXX_LIBRARY = "libc++";
				CLANG_ENABLE_MODULES = YES;
				CLANG_ENABLE_OBJC_ARC = YES;
				CLANG_ENABLE_OBJC_WEAK = YES;
				CLANG_WARN_BLOCK_CAPTURE_AUTORELEASING = YES;
				CLANG_WARN_BOOL_CONVERSION = YES;
				CLANG_WARN_COMMA = YES;
				CLANG_WARN_CONSTANT_CONVERSION = YES;
				CLANG_WARN_DEPRECATED_OBJC_IMPLEMENTATIONS = YES;
				CLANG_WARN_DIRECT_OBJC_ISA_USAGE = YES_ERROR;
				CLANG_WARN_DOCUMENTATION_COMMENTS = YES;
				CLANG_WARN_EMPTY_BODY = YES;
				CLANG_WARN_ENUM_CONVERSION = YES;
				CLANG_WARN_INFINITE_RECURSION = YES;
				CLANG_WARN_INT_CONVERSION = YES;
				CLANG_WARN_NON_LITERAL_NULL_CONVERSION = YES;
				CLANG_WARN_OBJC_IMPLICIT_RETAIN_SELF = YES;
				CLANG_WARN_OBJC_LITERAL_CONVERSION = YES;
				CLANG_WARN_OBJC_ROOT_CLASS = YES_ERROR;
				CLANG_WARN_RANGE_LOOP_ANALYSIS = YES;
				CLANG_WARN_STRICT_PROTOTYPES = YES;
				CLANG_WARN_SUSPICIOUS_MOVE = YES;
				CLANG_WARN_UNGUARDED_AVAILABILITY = YES_AGGRESSIVE;
				CLANG_WARN_UNREACHABLE_CODE = YES;
				CLANG_WARN__DUPLICATE_METHOD_MATCH = YES;
				COPY_PHASE_STRIP = NO;
				DEBUG_INFORMATION_FORMAT = "dwarf-with-dsym";
				ENABLE_NS_ASSERTIONS = NO;
				ENABLE_STRICT_OBJC_MSGSEND = YES;
				GCC_C_LANGUAGE_STANDARD = gnu11;
				GCC_NO_COMMON_BLOCKS = YES;
				GCC_WARN_64_TO_32_BIT_CONVERSION = YES;
				GCC_WARN_ABOUT_RETURN_TYPE = YES_ERROR;
				GCC_WARN_UNDECLARED_SELECTOR = YES;
				GCC_WARN_UNINITIALIZED_AUTOS = YES_AGGRESSIVE;
				GCC_WARN_UNUSED_FUNCTION = YES;
				GCC_WARN_UNUSED_VARIABLE = YES;
				IPHONEOS_DEPLOYMENT_TARGET = 13.2;
				MTL_ENABLE_DEBUG_INFO = NO;
				MTL_FAST_MATH = YES;
				SDKROOT = iphoneos;
				SWIFT_COMPILATION_MODE = wholemodule;
				SWIFT_OPTIMIZATION_LEVEL = "-O";
				VALIDATE_PRODUCT = YES;
			};
			name = Release;
		};
		2D15B12224913EA500AB8DEA /* Debug */ = {
			isa = XCBuildConfiguration;
			buildSettings = {
				ASSETCATALOG_COMPILER_APPICON_NAME = AppIcon;
				CODE_SIGN_STYLE = Automatic;
				INFOPLIST_FILE = SampleWeatherApp/Info.plist;
				LD_RUNPATH_SEARCH_PATHS = (
					"$(inherited)",
					"@executable_path/Frameworks",
				);
				PRODUCT_BUNDLE_IDENTIFIER = com.sample.SampleWeatherApp;
				PRODUCT_NAME = "$(TARGET_NAME)";
				SWIFT_VERSION = 5.0;
				TARGETED_DEVICE_FAMILY = "1,2";
			};
			name = Debug;
		};
		2D15B12324913EA500AB8DEA /* Release */ = {
			isa = XCBuildConfiguration;
			buildSettings = {
				ASSETCATALOG_COMPILER_APPICON_NAME = AppIcon;
				CODE_SIGN_STYLE = Automatic;
				INFOPLIST_FILE = SampleWeatherApp/Info.plist;
				LD_RUNPATH_SEARCH_PATHS = (
					"$(inherited)",
					"@executable_path/Frameworks",
				);
				PRODUCT_BUNDLE_IDENTIFIER = com.sample.SampleWeatherApp;
				PRODUCT_NAME = "$(TARGET_NAME)";
				SWIFT_VERSION = 5.0;
				TARGETED_DEVICE_FAMILY = "1,2";
			};
			name = Release;
		};
		2D15B12524913EA500AB8DEA /* Debug */ = {
			isa = XCBuildConfiguration;
			buildSettings = {
				ALWAYS_EMBED_SWIFT_STANDARD_LIBRARIES = YES;
				BUNDLE_LOADER = "$(TEST_HOST)";
				CODE_SIGN_STYLE = Automatic;
				INFOPLIST_FILE = SampleWeatherAppTests/Info.plist;
				IPHONEOS_DEPLOYMENT_TARGET = 13.2;
				LD_RUNPATH_SEARCH_PATHS = (
					"$(inherited)",
					"@executable_path/Frameworks",
					"@loader_path/Frameworks",
				);
				PRODUCT_BUNDLE_IDENTIFIER = com.sample.SampleWeatherAppTests;
				PRODUCT_NAME = "$(TARGET_NAME)";
				SWIFT_VERSION = 5.0;
				TARGETED_DEVICE_FAMILY = "1,2";
				TEST_HOST = "$(BUILT_PRODUCTS_DIR)/SampleWeatherApp.app/SampleWeatherApp";
			};
			name = Debug;
		};
		2D15B12624913EA500AB8DEA /* Release */ = {
			isa = XCBuildConfiguration;
			buildSettings = {
				ALWAYS_EMBED_SWIFT_STANDARD_LIBRARIES = YES;
				BUNDLE_LOADER = "$(TEST_HOST)";
				CODE_SIGN_STYLE = Automatic;
				INFOPLIST_FILE = SampleWeatherAppTests/Info.plist;
				IPHONEOS_DEPLOYMENT_TARGET = 13.2;
				LD_RUNPATH_SEARCH_PATHS = (
					"$(inherited)",
					"@executable_path/Frameworks",
					"@loader_path/Frameworks",
				);
				PRODUCT_BUNDLE_IDENTIFIER = com.sample.SampleWeatherAppTests;
				PRODUCT_NAME = "$(TARGET_NAME)";
				SWIFT_VERSION = 5.0;
				TARGETED_DEVICE_FAMILY = "1,2";
				TEST_HOST = "$(BUILT_PRODUCTS_DIR)/SampleWeatherApp.app/SampleWeatherApp";
			};
			name = Release;
		};
		2D15B12824913EA500AB8DEA /* Debug */ = {
			isa = XCBuildConfiguration;
			buildSettings = {
				ALWAYS_EMBED_SWIFT_STANDARD_LIBRARIES = YES;
				CODE_SIGN_STYLE = Automatic;
				INFOPLIST_FILE = SampleWeatherAppUITests/Info.plist;
				LD_RUNPATH_SEARCH_PATHS = (
					"$(inherited)",
					"@executable_path/Frameworks",
					"@loader_path/Frameworks",
				);
				PRODUCT_BUNDLE_IDENTIFIER = com.sample.SampleWeatherAppUITests;
				PRODUCT_NAME = "$(TARGET_NAME)";
				SWIFT_VERSION = 5.0;
				TARGETED_DEVICE_FAMILY = "1,2";
				TEST_TARGET_NAME = SampleWeatherApp;
			};
			name = Debug;
		};
		2D15B12924913EA500AB8DEA /* Release */ = {
			isa = XCBuildConfiguration;
			buildSettings = {
				ALWAYS_EMBED_SWIFT_STANDARD_LIBRARIES = YES;
				CODE_SIGN_STYLE = Automatic;
				INFOPLIST_FILE = SampleWeatherAppUITests/Info.plist;
				LD_RUNPATH_SEARCH_PATHS = (
					"$(inherited)",
					"@executable_path/Frameworks",
					"@loader_path/Frameworks",
				);
				PRODUCT_BUNDLE_IDENTIFIER = com.sample.SampleWeatherAppUITests;
				PRODUCT_NAME = "$(TARGET_NAME)";
				SWIFT_VERSION = 5.0;
				TARGETED_DEVICE_FAMILY = "1,2";
				TEST_TARGET_NAME = SampleWeatherApp;
			};
			name = Release;
		};
/* End XCBuildConfiguration section */

/* Begin XCConfigurationList section */
		2D15B0F224913EA300AB8DEA /* Build configuration list for PBXProject "SampleWeatherApp" */ = {
			isa = XCConfigurationList;
			buildConfigurations = (
				2D15B11F24913EA500AB8DEA /* Debug */,
				2D15B12024913EA500AB8DEA /* Release */,
			);
			defaultConfigurationIsVisible = 0;
			defaultConfigurationName = Release;
		};
		2D15B12124913EA500AB8DEA /* Build configuration list for PBXNativeTarget "SampleWeatherApp" */ = {
			isa = XCConfigurationList;
			buildConfigurations = (
				2D15B12224913EA500AB8DEA /* Debug */,
				2D15B12324913EA500AB8DEA /* Release */,
			);
			defaultConfigurationIsVisible = 0;
			defaultConfigurationName = Release;
		};
		2D15B12424913EA500AB8DEA /* Build configuration list for PBXNativeTarget "SampleWeatherAppTests" */ = {
			isa = XCConfigurationList;
			buildConfigurations = (
				2D15B12524913EA500AB8DEA /* Debug */,
				2D15B12624913EA500AB8DEA /* Release */,
			);
			defaultConfigurationIsVisible = 0;
			defaultConfigurationName = Release;
		};
		2D15B12724913EA500AB8DEA /* Build configuration list for PBXNativeTarget "SampleWeatherAppUITests" */ = {
			isa = XCConfigurationList;
			buildConfigurations = (
				2D15B12824913EA500AB8DEA /* Debug */,
				2D15B12924913EA500AB8DEA /* Release */,
			);
			defaultConfigurationIsVisible = 0;
			defaultConfigurationName = Release;
		};
/* End XCConfigurationList section */
	};
	rootObject = 2D15B0EF24913EA300AB8DEA /* Project object */;
}
